
Microsoft Visual Studio Solution File, Format Version 12.00
# Visual Studio Version 17
VisualStudioVersion = 17.11.35312.102
MinimumVisualStudioVersion = 10.0.40219.1
Project("{2150E333-8FDC-42A3-9474-1A3956D46DE8}") = "Task0", "Task0", "{F5BE62B1-1288-43DF-A0EB-BF22454791B2}"
EndProject
Project("{9A19103F-16F7-4668-BE54-9A1E7A4F7556}") = "Tyuiu.VaganovMA.Sprint6.Task0.V13.Lib", "Tyuiu.VaganovMA.Sprint6.Task0.V13.Lib\Tyuiu.VaganovMA.Sprint6.Task0.V13.Lib.csproj", "{0F029E56-06E7-4E0A-A293-AEF5A88588B5}"
EndProject
Project("{9A19103F-16F7-4668-BE54-9A1E7A4F7556}") = "Tyuiu.VaganovMA.Sprint6.Task0.V13.Test", "Tyuiu.VaganovMA.Sprint6.Task0.V13.Test\Tyuiu.VaganovMA.Sprint6.Task0.V13.Test.csproj", "{EECA7A9F-1601-4439-A7EE-058BA0447E46}"
EndProject
Project("{9A19103F-16F7-4668-BE54-9A1E7A4F7556}") = "Tyuiu.VaganovMA.Sprint6.Task0.V13", "Tyuiu.VaganovMA.Sprint6.Task0.V13\Tyuiu.VaganovMA.Sprint6.Task0.V13.csproj", "{FC90CC35-D3CC-4F44-927B-7B9A02FEDDE5}"
EndProject
Project("{2150E333-8FDC-42A3-9474-1A3956D46DE8}") = "Task1", "Task1", "{EB85B652-5E0F-4CD4-ABBA-9067F9398E3A}"
EndProject
Project("{9A19103F-16F7-4668-BE54-9A1E7A4F7556}") = "Tyuiu.VaganovMA.Sprint6.Task1.V9.Lib", "Tyuiu.VaganovMA.Sprint6.Task1.V9.Lib\Tyuiu.VaganovMA.Sprint6.Task1.V9.Lib.csproj", "{AB751BD4-300D-4D4F-AD0C-75C602DFE104}"
EndProject
Project("{9A19103F-16F7-4668-BE54-9A1E7A4F7556}") = "Tyuiu.VaganovMA.Sprint6.Task1.V9.Test", "Tyuiu.VaganovMA.Sprint6.Task1.V9.Test\Tyuiu.VaganovMA.Sprint6.Task1.V9.Test.csproj", "{D9B1072E-C783-4108-AC93-AF1A788D1AB3}"
EndProject
Project("{9A19103F-16F7-4668-BE54-9A1E7A4F7556}") = "Tyuiu.VaganovMA.Sprint6.Task1.V9", "Tyuiu.VaganovMA.Sprint6.Task1.V9\Tyuiu.VaganovMA.Sprint6.Task1.V9.csproj", "{05DB3FE5-9AED-4617-9ED2-B887ED8C53C9}"
EndProject
Project("{2150E333-8FDC-42A3-9474-1A3956D46DE8}") = "Task2", "Task2", "{ADE2733D-BBCD-40B9-B40B-A10EC5BA5E16}"
EndProject
Project("{9A19103F-16F7-4668-BE54-9A1E7A4F7556}") = "Tyuiu.VaganovMA.Sprint6.Task2.V28.Lib", "Tyuiu.VaganovMA.Sprint6.Task2.V28.Lib\Tyuiu.VaganovMA.Sprint6.Task2.V28.Lib.csproj", "{3727A168-6C74-4EC7-8118-A431DBBD1969}"
EndProject
Project("{9A19103F-16F7-4668-BE54-9A1E7A4F7556}") = "Tyuiu.VaganovMA.Sprint6.Task2.V28.Test", "Tyuiu.VaganovMA.Sprint6.Task2.V28.Test\Tyuiu.VaganovMA.Sprint6.Task2.V28.Test.csproj", "{5A8BFC72-DEF5-452A-A787-C3726A003DAA}"
EndProject
Project("{9A19103F-16F7-4668-BE54-9A1E7A4F7556}") = "Tyuiu.VaganovMA.Sprint6.Task2.V28", "Tyuiu.VaganovMA.Sprint6.Task2.V28\Tyuiu.VaganovMA.Sprint6.Task2.V28.csproj", "{542D085D-FA60-47CD-8011-1B5E0267E265}"
EndProject
Project("{2150E333-8FDC-42A3-9474-1A3956D46DE8}") = "Task3", "Task3", "{90C063B5-EB24-43BF-AE5E-7BE0A44300CB}"
EndProject
Project("{9A19103F-16F7-4668-BE54-9A1E7A4F7556}") = "Tyuiu.VaganovMA.Sprint6.Task3.V20.Lib", "Tyuiu.VaganovMA.Sprint6.Task3.V20.Lib\Tyuiu.VaganovMA.Sprint6.Task3.V20.Lib.csproj", "{77280844-D107-4517-914D-2785E409CF73}"
EndProject
Project("{9A19103F-16F7-4668-BE54-9A1E7A4F7556}") = "Tyuiu.VaganovMA.Sprint6.Task3.V20.Test", "Tyuiu.VaganovMA.Sprint6.Task3.V20.Test\Tyuiu.VaganovMA.Sprint6.Task3.V20.Test.csproj", "{3290FC13-2852-45A4-8CD0-1514D5E7DC02}"
EndProject
Project("{9A19103F-16F7-4668-BE54-9A1E7A4F7556}") = "Tyuiu.VaganovMA.Sprint6.Task3.V20", "Tyuiu.VaganovMA.Sprint6.Task3.V20\Tyuiu.VaganovMA.Sprint6.Task3.V20.csproj", "{FEE31DBA-AC33-4C0F-8BA8-B64FEF258FCF}"
EndProject
Project("{2150E333-8FDC-42A3-9474-1A3956D46DE8}") = "Task4", "Task4", "{1A46812B-5C0E-495F-8EE6-87F2A9022FF3}"
EndProject
Project("{9A19103F-16F7-4668-BE54-9A1E7A4F7556}") = "Tyuiu.VaganovMA.Sprint6.Task4.V14.Lib", "Tyuiu.VaganovMA.Sprint6.Task4.V14.Lib\Tyuiu.VaganovMA.Sprint6.Task4.V14.Lib.csproj", "{B06156C5-4A5D-406C-A4ED-F3F33101108F}"
EndProject
Project("{9A19103F-16F7-4668-BE54-9A1E7A4F7556}") = "Tyuiu.VaganovMA.Sprint6.Task4.V14.Test", "Tyuiu.VaganovMA.Sprint6.Task4.V14.Test\Tyuiu.VaganovMA.Sprint6.Task4.V14.Test.csproj", "{C9E802D0-D1B4-4E25-A8DF-BE675304AE27}"
EndProject
Project("{FAE04EC0-301F-11D3-BF4B-00C04F79EFBC}") = "Tyuiu.VaganovMA.Sprint6.Task4.V14", "Tyuiu.VaganovMA.Sprint6.Task4.V14\Tyuiu.VaganovMA.Sprint6.Task4.V14.csproj", "{3A3FFBFA-6EA3-4AFA-B385-6AEC80130A05}"
EndProject
Global
	GlobalSection(SolutionConfigurationPlatforms) = preSolution
		Debug|Any CPU = Debug|Any CPU
		Release|Any CPU = Release|Any CPU
	EndGlobalSection
	GlobalSection(ProjectConfigurationPlatforms) = postSolution
		{0F029E56-06E7-4E0A-A293-AEF5A88588B5}.Debug|Any CPU.ActiveCfg = Debug|Any CPU
		{0F029E56-06E7-4E0A-A293-AEF5A88588B5}.Debug|Any CPU.Build.0 = Debug|Any CPU
		{0F029E56-06E7-4E0A-A293-AEF5A88588B5}.Release|Any CPU.ActiveCfg = Release|Any CPU
		{0F029E56-06E7-4E0A-A293-AEF5A88588B5}.Release|Any CPU.Build.0 = Release|Any CPU
		{EECA7A9F-1601-4439-A7EE-058BA0447E46}.Debug|Any CPU.ActiveCfg = Debug|Any CPU
		{EECA7A9F-1601-4439-A7EE-058BA0447E46}.Debug|Any CPU.Build.0 = Debug|Any CPU
		{EECA7A9F-1601-4439-A7EE-058BA0447E46}.Release|Any CPU.ActiveCfg = Release|Any CPU
		{EECA7A9F-1601-4439-A7EE-058BA0447E46}.Release|Any CPU.Build.0 = Release|Any CPU
		{FC90CC35-D3CC-4F44-927B-7B9A02FEDDE5}.Debug|Any CPU.ActiveCfg = Debug|Any CPU
		{FC90CC35-D3CC-4F44-927B-7B9A02FEDDE5}.Debug|Any CPU.Build.0 = Debug|Any CPU
		{FC90CC35-D3CC-4F44-927B-7B9A02FEDDE5}.Release|Any CPU.ActiveCfg = Release|Any CPU
		{FC90CC35-D3CC-4F44-927B-7B9A02FEDDE5}.Release|Any CPU.Build.0 = Release|Any CPU
		{AB751BD4-300D-4D4F-AD0C-75C602DFE104}.Debug|Any CPU.ActiveCfg = Debug|Any CPU
		{AB751BD4-300D-4D4F-AD0C-75C602DFE104}.Debug|Any CPU.Build.0 = Debug|Any CPU
		{AB751BD4-300D-4D4F-AD0C-75C602DFE104}.Release|Any CPU.ActiveCfg = Release|Any CPU
		{AB751BD4-300D-4D4F-AD0C-75C602DFE104}.Release|Any CPU.Build.0 = Release|Any CPU
		{D9B1072E-C783-4108-AC93-AF1A788D1AB3}.Debug|Any CPU.ActiveCfg = Debug|Any CPU
		{D9B1072E-C783-4108-AC93-AF1A788D1AB3}.Debug|Any CPU.Build.0 = Debug|Any CPU
		{D9B1072E-C783-4108-AC93-AF1A788D1AB3}.Release|Any CPU.ActiveCfg = Release|Any CPU
		{D9B1072E-C783-4108-AC93-AF1A788D1AB3}.Release|Any CPU.Build.0 = Release|Any CPU
		{05DB3FE5-9AED-4617-9ED2-B887ED8C53C9}.Debug|Any CPU.ActiveCfg = Debug|Any CPU
		{05DB3FE5-9AED-4617-9ED2-B887ED8C53C9}.Debug|Any CPU.Build.0 = Debug|Any CPU
		{05DB3FE5-9AED-4617-9ED2-B887ED8C53C9}.Release|Any CPU.ActiveCfg = Release|Any CPU
		{05DB3FE5-9AED-4617-9ED2-B887ED8C53C9}.Release|Any CPU.Build.0 = Release|Any CPU
		{3727A168-6C74-4EC7-8118-A431DBBD1969}.Debug|Any CPU.ActiveCfg = Debug|Any CPU
		{3727A168-6C74-4EC7-8118-A431DBBD1969}.Debug|Any CPU.Build.0 = Debug|Any CPU
		{3727A168-6C74-4EC7-8118-A431DBBD1969}.Release|Any CPU.ActiveCfg = Release|Any CPU
		{3727A168-6C74-4EC7-8118-A431DBBD1969}.Release|Any CPU.Build.0 = Release|Any CPU
		{5A8BFC72-DEF5-452A-A787-C3726A003DAA}.Debug|Any CPU.ActiveCfg = Debug|Any CPU
		{5A8BFC72-DEF5-452A-A787-C3726A003DAA}.Debug|Any CPU.Build.0 = Debug|Any CPU
		{5A8BFC72-DEF5-452A-A787-C3726A003DAA}.Release|Any CPU.ActiveCfg = Release|Any CPU
		{5A8BFC72-DEF5-452A-A787-C3726A003DAA}.Release|Any CPU.Build.0 = Release|Any CPU
		{542D085D-FA60-47CD-8011-1B5E0267E265}.Debug|Any CPU.ActiveCfg = Debug|Any CPU
		{542D085D-FA60-47CD-8011-1B5E0267E265}.Debug|Any CPU.Build.0 = Debug|Any CPU
		{542D085D-FA60-47CD-8011-1B5E0267E265}.Release|Any CPU.ActiveCfg = Release|Any CPU
		{542D085D-FA60-47CD-8011-1B5E0267E265}.Release|Any CPU.Build.0 = Release|Any CPU
		{77280844-D107-4517-914D-2785E409CF73}.Debug|Any CPU.ActiveCfg = Debug|Any CPU
		{77280844-D107-4517-914D-2785E409CF73}.Debug|Any CPU.Build.0 = Debug|Any CPU
		{77280844-D107-4517-914D-2785E409CF73}.Release|Any CPU.ActiveCfg = Release|Any CPU
		{77280844-D107-4517-914D-2785E409CF73}.Release|Any CPU.Build.0 = Release|Any CPU
		{3290FC13-2852-45A4-8CD0-1514D5E7DC02}.Debug|Any CPU.ActiveCfg = Debug|Any CPU
		{3290FC13-2852-45A4-8CD0-1514D5E7DC02}.Debug|Any CPU.Build.0 = Debug|Any CPU
		{3290FC13-2852-45A4-8CD0-1514D5E7DC02}.Release|Any CPU.ActiveCfg = Release|Any CPU
		{3290FC13-2852-45A4-8CD0-1514D5E7DC02}.Release|Any CPU.Build.0 = Release|Any CPU
		{FEE31DBA-AC33-4C0F-8BA8-B64FEF258FCF}.Debug|Any CPU.ActiveCfg = Debug|Any CPU
		{FEE31DBA-AC33-4C0F-8BA8-B64FEF258FCF}.Debug|Any CPU.Build.0 = Debug|Any CPU
		{FEE31DBA-AC33-4C0F-8BA8-B64FEF258FCF}.Release|Any CPU.ActiveCfg = Release|Any CPU
		{FEE31DBA-AC33-4C0F-8BA8-B64FEF258FCF}.Release|Any CPU.Build.0 = Release|Any CPU
		{B06156C5-4A5D-406C-A4ED-F3F33101108F}.Debug|Any CPU.ActiveCfg = Debug|Any CPU
		{B06156C5-4A5D-406C-A4ED-F3F33101108F}.Debug|Any CPU.Build.0 = Debug|Any CPU
		{B06156C5-4A5D-406C-A4ED-F3F33101108F}.Release|Any CPU.ActiveCfg = Release|Any CPU
		{B06156C5-4A5D-406C-A4ED-F3F33101108F}.Release|Any CPU.Build.0 = Release|Any CPU
		{C9E802D0-D1B4-4E25-A8DF-BE675304AE27}.Debug|Any CPU.ActiveCfg = Debug|Any CPU
		{C9E802D0-D1B4-4E25-A8DF-BE675304AE27}.Debug|Any CPU.Build.0 = Debug|Any CPU
		{C9E802D0-D1B4-4E25-A8DF-BE675304AE27}.Release|Any CPU.ActiveCfg = Release|Any CPU
		{C9E802D0-D1B4-4E25-A8DF-BE675304AE27}.Release|Any CPU.Build.0 = Release|Any CPU
		{3A3FFBFA-6EA3-4AFA-B385-6AEC80130A05}.Debug|Any CPU.ActiveCfg = Debug|Any CPU
		{3A3FFBFA-6EA3-4AFA-B385-6AEC80130A05}.Debug|Any CPU.Build.0 = Debug|Any CPU
		{3A3FFBFA-6EA3-4AFA-B385-6AEC80130A05}.Release|Any CPU.ActiveCfg = Release|Any CPU
		{3A3FFBFA-6EA3-4AFA-B385-6AEC80130A05}.Release|Any CPU.Build.0 = Release|Any CPU
	EndGlobalSection
	GlobalSection(SolutionProperties) = preSolution
		HideSolutionNode = FALSE
	EndGlobalSection
	GlobalSection(NestedProjects) = preSolution
		{0F029E56-06E7-4E0A-A293-AEF5A88588B5} = {F5BE62B1-1288-43DF-A0EB-BF22454791B2}
		{EECA7A9F-1601-4439-A7EE-058BA0447E46} = {F5BE62B1-1288-43DF-A0EB-BF22454791B2}
		{FC90CC35-D3CC-4F44-927B-7B9A02FEDDE5} = {F5BE62B1-1288-43DF-A0EB-BF22454791B2}
		{AB751BD4-300D-4D4F-AD0C-75C602DFE104} = {EB85B652-5E0F-4CD4-ABBA-9067F9398E3A}
		{D9B1072E-C783-4108-AC93-AF1A788D1AB3} = {EB85B652-5E0F-4CD4-ABBA-9067F9398E3A}
		{05DB3FE5-9AED-4617-9ED2-B887ED8C53C9} = {EB85B652-5E0F-4CD4-ABBA-9067F9398E3A}
		{3727A168-6C74-4EC7-8118-A431DBBD1969} = {ADE2733D-BBCD-40B9-B40B-A10EC5BA5E16}
		{5A8BFC72-DEF5-452A-A787-C3726A003DAA} = {ADE2733D-BBCD-40B9-B40B-A10EC5BA5E16}
		{542D085D-FA60-47CD-8011-1B5E0267E265} = {ADE2733D-BBCD-40B9-B40B-A10EC5BA5E16}
		{77280844-D107-4517-914D-2785E409CF73} = {90C063B5-EB24-43BF-AE5E-7BE0A44300CB}
		{3290FC13-2852-45A4-8CD0-1514D5E7DC02} = {90C063B5-EB24-43BF-AE5E-7BE0A44300CB}
		{FEE31DBA-AC33-4C0F-8BA8-B64FEF258FCF} = {90C063B5-EB24-43BF-AE5E-7BE0A44300CB}
		{B06156C5-4A5D-406C-A4ED-F3F33101108F} = {1A46812B-5C0E-495F-8EE6-87F2A9022FF3}
		{C9E802D0-D1B4-4E25-A8DF-BE675304AE27} = {1A46812B-5C0E-495F-8EE6-87F2A9022FF3}
		{3A3FFBFA-6EA3-4AFA-B385-6AEC80130A05} = {1A46812B-5C0E-495F-8EE6-87F2A9022FF3}
	EndGlobalSection
	GlobalSection(ExtensibilityGlobals) = postSolution
		SolutionGuid = {2BEE466A-027B-4346-9561-CE3114210ECC}
	EndGlobalSection
EndGlobal
